
Microsoft Visual Studio Solution File, Format Version 12.00
# Visual Studio Version 17
VisualStudioVersion = 17.5.002.0
MinimumVisualStudioVersion = 10.0.40219.1
Project("{2150E333-8FDC-42A3-9474-1A3956D46DE8}") = "src", "src", "{88B89657-1094-41C5-88DD-F6F0CF1C7146}"
EndProject
Project("{9A19103F-16F7-4668-BE54-9A1E7A4F7556}") = "OddsApiClient", "src\OddsApiClient\OddsApiClient.csproj", "{0F43808B-BCBB-497B-B5DB-687FDC11A74B}"
EndProject
Project("{2150E333-8FDC-42A3-9474-1A3956D46DE8}") = "tests", "tests", "{50D6B46B-F996-4426-9593-5D8A028F40F7}"
EndProject
Project("{FAE04EC0-301F-11D3-BF4B-00C04F79EFBC}") = "OddsApiClient.Tests", "tests\OddsApiClient.Tests\OddsApiClient.Tests.csproj", "{B4DA9CFC-E9D7-46C3-B27D-8AC2CA0E6488}"
EndProject
Project("{FAE04EC0-301F-11D3-BF4B-00C04F79EFBC}") = "OddsApiClient.ExampleConsole", "src\OddsApiClient.ExampleConsole\OddsApiClient.ExampleConsole.csproj", "{3EAD74E6-C888-488D-9D33-A55DA8EF46CC}"
EndProject
Global
	GlobalSection(SolutionConfigurationPlatforms) = preSolution
		Debug|Any CPU = Debug|Any CPU
		Release|Any CPU = Release|Any CPU
	EndGlobalSection
	GlobalSection(ProjectConfigurationPlatforms) = postSolution
		{0F43808B-BCBB-497B-B5DB-687FDC11A74B}.Debug|Any CPU.ActiveCfg = Debug|Any CPU
		{0F43808B-BCBB-497B-B5DB-687FDC11A74B}.Debug|Any CPU.Build.0 = Debug|Any CPU
		{0F43808B-BCBB-497B-B5DB-687FDC11A74B}.Release|Any CPU.ActiveCfg = Release|Any CPU
		{0F43808B-BCBB-497B-B5DB-687FDC11A74B}.Release|Any CPU.Build.0 = Release|Any CPU
		{B4DA9CFC-E9D7-46C3-B27D-8AC2CA0E6488}.Debug|Any CPU.ActiveCfg = Debug|Any CPU
		{B4DA9CFC-E9D7-46C3-B27D-8AC2CA0E6488}.Debug|Any CPU.Build.0 = Debug|Any CPU
		{B4DA9CFC-E9D7-46C3-B27D-8AC2CA0E6488}.Release|Any CPU.ActiveCfg = Release|Any CPU
		{B4DA9CFC-E9D7-46C3-B27D-8AC2CA0E6488}.Release|Any CPU.Build.0 = Release|Any CPU
		{3EAD74E6-C888-488D-9D33-A55DA8EF46CC}.Debug|Any CPU.ActiveCfg = Debug|Any CPU
		{3EAD74E6-C888-488D-9D33-A55DA8EF46CC}.Debug|Any CPU.Build.0 = Debug|Any CPU
		{3EAD74E6-C888-488D-9D33-A55DA8EF46CC}.Release|Any CPU.ActiveCfg = Release|Any CPU
		{3EAD74E6-C888-488D-9D33-A55DA8EF46CC}.Release|Any CPU.Build.0 = Release|Any CPU
	EndGlobalSection
	GlobalSection(SolutionProperties) = preSolution
		HideSolutionNode = FALSE
	EndGlobalSection
	GlobalSection(NestedProjects) = preSolution
		{0F43808B-BCBB-497B-B5DB-687FDC11A74B} = {88B89657-1094-41C5-88DD-F6F0CF1C7146}
		{B4DA9CFC-E9D7-46C3-B27D-8AC2CA0E6488} = {50D6B46B-F996-4426-9593-5D8A028F40F7}
		{3EAD74E6-C888-488D-9D33-A55DA8EF46CC} = {88B89657-1094-41C5-88DD-F6F0CF1C7146}
	EndGlobalSection
	GlobalSection(ExtensibilityGlobals) = postSolution
		SolutionGuid = {F7384E8D-5B28-46BA-951D-3A85275D505E}
	EndGlobalSection
EndGlobal
